{
  "name": "dash-mqtt",
  "version": "1.0.0",
  "lockfileVersion": 1,
  "requires": true,
  "dependencies": {
    "is-tls-client-hello": {
      "version": "1.0.0",
      "resolved": "https://registry.npmjs.org/is-tls-client-hello/-/is-tls-client-hello-1.0.0.tgz",
      "integrity": "sha1-nEeNgO9HyWpBSjsOEPXMN4g85Lk="
    },
    "sni": {
      "version": "1.0.0",
      "resolved": "https://registry.npmjs.org/sni/-/sni-1.0.0.tgz",
      "integrity": "sha1-b6Qr35d23i43zsYBIua+yD3wBvU="
    }
  }
}
