{
  "name": "dash-mqtt",
  "version": "1.0.0",
  "lockfileVersion": 1,
  "requires": true,
  "dependencies": {
    "is-tls-client-hello": {
      "version": "1.0.0",
      "resolved": "https://registry.npmjs.org/is-tls-client-hello/-/is-tls-client-hello-1.0.0.tgz",
      "integrity": "sha1-nEeNgO9HyWpBSjsOEPXMN4g85Lk="
    },
    "lodash": {
      "version": "4.17.11",
      "resolved": "https://registry.npmjs.org/lodash/-/lodash-4.17.11.tgz",
      "integrity": "sha512-cQKh8igo5QUhZ7lg38DYWAxMvjSAKG0A8wGSVimP07SIUEK2UO+arSRKbRZWtelMtN5V0Hkwh5ryOto/SshYIg=="
    },
    "moment": {
      "version": "2.23.0",
      "resolved": "https://registry.npmjs.org/moment/-/moment-2.23.0.tgz",
      "integrity": "sha512-3IE39bHVqFbWWaPOMHZF98Q9c3LDKGTmypMiTM2QygGXXElkFWIH7GxfmlwmY2vwa+wmNsoYZmG2iusf1ZjJoA=="
    },
    "simple-node-logger": {
      "version": "18.12.21",
      "resolved": "https://registry.npmjs.org/simple-node-logger/-/simple-node-logger-18.12.21.tgz",
      "integrity": "sha512-I2dA9JLiNrdTsmOI2bT0mIQNEKhTKbj9OM8tny3Il/5R6QdJHlWrv1NDdS+6UQHEnYV1413FnwgqTjzmV0ctCw==",
      "requires": {
        "lodash": "^4.17.10",
        "moment": "^2.20.1"
      }
    },
    "sni": {
      "version": "1.0.0",
      "resolved": "https://registry.npmjs.org/sni/-/sni-1.0.0.tgz",
      "integrity": "sha1-b6Qr35d23i43zsYBIua+yD3wBvU="
    }
  }
}
